<?xml version="1.0" encoding="UTF-8" standalone="yes" ?>
<CodeBlocks_project_file>
	<FileVersion major="1" minor="6" />
	<Project>
		<Option title="DeformableBodies" />
		<Option pch_mode="2" />
		<Option compiler="gcc" />
		<Build>
			<Target title="Debug">
				<Option output="bin/Debug/DeformableBodies" prefix_auto="1" extension_auto="1" />
				<Option object_output="obj/Debug/" />
				<Option type="1" />
				<Option compiler="gcc" />
				<Compiler>
					<Add option="-g" />
				</Compiler>
			</Target>
			<Target title="Release">
				<Option output="bin/Release/DeformableBodies" prefix_auto="1" extension_auto="1" />
				<Option object_output="obj/Release/" />
				<Option type="1" />
				<Option compiler="gcc" />
				<Compiler>
					<Add option="-O2" />
				</Compiler>
				<Linker>
					<Add option="-s" />
				</Linker>
			</Target>
		</Build>
		<Compiler>
			<Add option="-Wall" />
		</Compiler>
		<Linker>
			<Add library="GL" />
			<Add library="GLU" />
			<Add library="glut" />
			<Add library="GLEW" />
		</Linker>
		<Unit filename="Shader/Shader.cpp" />
		<Unit filename="Shader/Shader.h" />
		<Unit filename="Shader/fragment.glsl" />
		<Unit filename="Shader/vertex.glsl" />
		<Unit filename="WindowHandler.cpp" />
		<Unit filename="WindowHandler.h" />
		<Unit filename="main.cpp" />
		<Unit filename="mesh/Face.cpp" />
		<Unit filename="mesh/Face.h" />
		<Unit filename="mesh/HalfEdge.cpp" />
		<Unit filename="mesh/HalfEdge.h" />
		<Unit filename="mesh/HalfFace.cpp" />
		<Unit filename="mesh/HalfFace.h" />
		<Unit filename="mesh/HalfFaceMesh.cpp" />
		<Unit filename="mesh/HalfFaceMesh.h" />
		<Unit filename="mesh/Vertex.cpp" />
		<Unit filename="mesh/Vertex.h" />
		<Extensions>
			<envvars />
			<code_completion />
			<debugger />
		</Extensions>
	</Project>
</CodeBlocks_project_file>
